
Microsoft Visual Studio Solution File, Format Version 12.00
# Visual Studio Version 16
VisualStudioVersion = 16.0.31624.102
MinimumVisualStudioVersion = 10.0.40219.1
Project("{FAE04EC0-301F-11D3-BF4B-00C04F79EFBC}") = "JCE", "JCE\JCE.csproj", "{13B8F907-0572-4E23-B8E5-1CD5994AB68B}"
EndProject
Global
	GlobalSection(SolutionConfigurationPlatforms) = preSolution
		Debug|Any CPU = Debug|Any CPU
		Release|Any CPU = Release|Any CPU
	EndGlobalSection
	GlobalSection(ProjectConfigurationPlatforms) = postSolution
		{13B8F907-0572-4E23-B8E5-1CD5994AB68B}.Debug|Any CPU.ActiveCfg = Debug|Any CPU
		{13B8F907-0572-4E23-B8E5-1CD5994AB68B}.Debug|Any CPU.Build.0 = Debug|Any CPU
		{13B8F907-0572-4E23-B8E5-1CD5994AB68B}.Release|Any CPU.ActiveCfg = Release|Any CPU
		{13B8F907-0572-4E23-B8E5-1CD5994AB68B}.Release|Any CPU.Build.0 = Release|Any CPU
	EndGlobalSection
	GlobalSection(SolutionProperties) = preSolution
		HideSolutionNode = FALSE
	EndGlobalSection
	GlobalSection(ExtensibilityGlobals) = postSolution
		SolutionGuid = {E225153D-78EA-49E5-A681-7AA9D4B124EB}
	EndGlobalSection
EndGlobal
